
Microsoft Visual Studio Solution File, Format Version 12.00
# Visual Studio Version 17
VisualStudioVersion = 17.7.34031.279
MinimumVisualStudioVersion = 10.0.40219.1
Project("{9A19103F-16F7-4668-BE54-9A1E7A4F7556}") = "Server", "Server\Server.csproj", "{C9943A1A-814B-4029-8CB4-139DF4CF1B87}"
EndProject
Project("{9A19103F-16F7-4668-BE54-9A1E7A4F7556}") = "Client", "..\..\..\..\..\FirstTask\Client.csproj", "{755565F6-F5BF-44E9-B082-E2B0245798D9}"
EndProject
Global
	GlobalSection(SolutionConfigurationPlatforms) = preSolution
		Debug|Any CPU = Debug|Any CPU
		Release|Any CPU = Release|Any CPU
	EndGlobalSection
	GlobalSection(ProjectConfigurationPlatforms) = postSolution
		{C9943A1A-814B-4029-8CB4-139DF4CF1B87}.Debug|Any CPU.ActiveCfg = Debug|Any CPU
		{C9943A1A-814B-4029-8CB4-139DF4CF1B87}.Debug|Any CPU.Build.0 = Debug|Any CPU
		{C9943A1A-814B-4029-8CB4-139DF4CF1B87}.Release|Any CPU.ActiveCfg = Release|Any CPU
		{C9943A1A-814B-4029-8CB4-139DF4CF1B87}.Release|Any CPU.Build.0 = Release|Any CPU
		{755565F6-F5BF-44E9-B082-E2B0245798D9}.Debug|Any CPU.ActiveCfg = Debug|Any CPU
		{755565F6-F5BF-44E9-B082-E2B0245798D9}.Debug|Any CPU.Build.0 = Debug|Any CPU
		{755565F6-F5BF-44E9-B082-E2B0245798D9}.Release|Any CPU.ActiveCfg = Release|Any CPU
		{755565F6-F5BF-44E9-B082-E2B0245798D9}.Release|Any CPU.Build.0 = Release|Any CPU
	EndGlobalSection
	GlobalSection(SolutionProperties) = preSolution
		HideSolutionNode = FALSE
	EndGlobalSection
	GlobalSection(ExtensibilityGlobals) = postSolution
		SolutionGuid = {82285B07-99B3-4E04-9DD5-52FDAF84D32E}
	EndGlobalSection
EndGlobal
